{
  "name": "@piotr-cz/directus-custom-css",
  "version": "1.0.0-alpha.1",
  "lockfileVersion": 2,
  "requires": true,
  "packages": {
    "": {
      "name": "@piotr-cz/directus-custom-css",
      "version": "1.0.0-alpha.1",
      "license": "MIT",
      "dependencies": {
        "colortranslator": "1.9.3"
      },
      "bin": {
        "directus-custom-css": "bin/directus-custom-css"
      },
      "devDependencies": {
        "@types/node": "^18.11.9"
      },
      "engines": {
        "node": ">= 14.15.0"
      }
    },
    "node_modules/@types/node": {
      "version": "18.11.9",
      "resolved": "https://registry.npmjs.org/@types/node/-/node-18.11.9.tgz",
      "integrity": "sha512-CRpX21/kGdzjOpFsZSkcrXMGIBWMGNIHXXBVFSH+ggkftxg+XYP20TESbh+zFvFj3EQOl5byk0HTRn1IL6hbqg==",
      "dev": true
    },
    "node_modules/colortranslator": {
      "version": "1.9.3",
      "resolved": "https://registry.npmjs.org/colortranslator/-/colortranslator-1.9.3.tgz",
      "integrity": "sha512-51O07JAa8J0uIZT08FOGirqRBK9DVG0luuTNjYk9FdawE4tFc3yp7jQhRkZQsUDRwCnKa4CwMRuJIiaSeXsGvg=="
    }
  },
  "dependencies": {
    "@types/node": {
      "version": "18.11.9",
      "resolved": "https://registry.npmjs.org/@types/node/-/node-18.11.9.tgz",
      "integrity": "sha512-CRpX21/kGdzjOpFsZSkcrXMGIBWMGNIHXXBVFSH+ggkftxg+XYP20TESbh+zFvFj3EQOl5byk0HTRn1IL6hbqg==",
      "dev": true
    },
    "colortranslator": {
      "version": "1.9.3",
      "resolved": "https://registry.npmjs.org/colortranslator/-/colortranslator-1.9.3.tgz",
      "integrity": "sha512-51O07JAa8J0uIZT08FOGirqRBK9DVG0luuTNjYk9FdawE4tFc3yp7jQhRkZQsUDRwCnKa4CwMRuJIiaSeXsGvg=="
    }
  }
}
